<?xml version="1.0" encoding="utf-8"?>
<Project ToolsVersion="4.0" xmlns="http://schemas.microsoft.com/developer/msbuild/2003">
  <ItemGroup>
    <Filter Include="Source Files">
      <UniqueIdentifier>{4FC737F1-C7A5-4376-A066-2A32D752A2FF}</UniqueIdentifier>
      <Extensions>cpp;c;cc;cxx;c++;cppm;ixx;def;odl;idl;hpj;bat;asm;asmx</Extensions>
    </Filter>
    <Filter Include="Header Files">
      <UniqueIdentifier>{93995380-89BD-4b04-88EB-625FBE52EBFB}</UniqueIdentifier>
      <Extensions>h;hh;hpp;hxx;h++;hm;inl;inc;ipp;xsd</Extensions>
    </Filter>
    <Filter Include="Resource Files">
      <UniqueIdentifier>{67DA6AB6-F800-4c08-8B7A-83BB121AAD01}</UniqueIdentifier>
      <Extensions>rc;ico;cur;bmp;dlg;rc2;rct;bin;rgs;gif;jpg;jpeg;jpe;resx;tiff;tif;png;wav;mfcribbon-ms</Extensions>
    </Filter>
  </ItemGroup>
  <ItemGroup>
    <Image Include="assets\background.bmp">
      <Filter>Resource Files</Filter>
    </Image>
    <Image Include="assets\background.jpg">
      <Filter>Resource Files</Filter>
    </Image>
    <Image Include="assets\backup (2).png">
      <Filter>Resource Files</Filter>
    </Image>
    <Image Include="assets\backup (3).png">
      <Filter>Resource Files</Filter>
    </Image>
    <Image Include="assets\backup (4).png">
      <Filter>Resource Files</Filter>
    </Image>
    <Image Include="assets\backup.jpg">
      <Filter>Resource Files</Filter>
    </Image>
    <Image Include="assets\backup.png">
      <Filter>Resource Files</Filter>
    </Image>
    <Image Include="assets\buttons.png">
      <Filter>Resource Files</Filter>
    </Image>
    <Image Include="assets\discard_tiles - COPYY.png">
      <Filter>Resource Files</Filter>
    </Image>
    <Image Include="assets\discard_tiles.png">
      <Filter>Resource Files</Filter>
    </Image>
    <Image Include="assets\discard_tiles_l.png">
      <Filter>Resource Files</Filter>
    </Image>
    <Image Include="assets\discard_tiles_r.png">
      <Filter>Resource Files</Filter>
    </Image>
    <Image Include="assets\discard_tiles_u.png">
      <Filter>Resource Files</Filter>
    </Image>
    <Image Include="assets\discard_tiles2.png">
      <Filter>Resource Files</Filter>
    </Image>
    <Image Include="assets\meld_tiles.png">
      <Filter>Resource Files</Filter>
    </Image>
    <Image Include="assets\mjs_tiles - Copy.png">
      <Filter>Resource Files</Filter>
    </Image>
    <Image Include="assets\mjs_tiles.png">
      <Filter>Resource Files</Filter>
    </Image>
    <Image Include="assets\tsumo.png">
      <Filter>Resource Files</Filter>
    </Image>
    <Image Include="assets\meld_tiles_r.png">
      <Filter>Resource Files</Filter>
    </Image>
  </ItemGroup>
  <ItemGroup>
    <ClCompile Include="Debug\Debug.cpp">
      <Filter>Source Files</Filter>
    </ClCompile>
    <ClCompile Include="Core\Discards.cpp">
      <Filter>Source Files</Filter>
    </ClCompile>
    <ClCompile Include="Core\Game.cpp">
      <Filter>Source Files</Filter>
    </ClCompile>
    <ClCompile Include="Core\Hand.cpp">
      <Filter>Source Files</Filter>
    </ClCompile>
    <ClCompile Include="Core\Kan.cpp">
      <Filter>Source Files</Filter>
    </ClCompile>
    <ClCompile Include="Core\Meld.cpp">
      <Filter>Source Files</Filter>
    </ClCompile>
    <ClCompile Include="Core\MoveOption.cpp">
      <Filter>Source Files</Filter>
    </ClCompile>
    <ClCompile Include="Core\Player.cpp">
      <Filter>Source Files</Filter>
    </ClCompile>
    <ClCompile Include="Core\Tile.cpp">
      <Filter>Source Files</Filter>
    </ClCompile>
    <ClCompile Include="Core\Triplet.cpp">
      <Filter>Source Files</Filter>
    </ClCompile>
    <ClCompile Include="Core\Wall.cpp">
      <Filter>Source Files</Filter>
    </ClCompile>
    <ClCompile Include="Graphics\Graphics.cpp">
      <Filter>Source Files</Filter>
    </ClCompile>
    <ClCompile Include="Graphics\TileGraphics.cpp">
      <Filter>Source Files</Filter>
    </ClCompile>
    <ClCompile Include="Input\Controller.cpp">
      <Filter>Source Files</Filter>
    </ClCompile>
    <ClCompile Include="Input\InputManager.cpp">
      <Filter>Source Files</Filter>
    </ClCompile>
    <ClCompile Include="UI\Button.cpp">
      <Filter>Source Files</Filter>
    </ClCompile>
    <ClCompile Include="Layouts\TileLayouts.cpp">
      <Filter>Source Files</Filter>
    </ClCompile>
    <ClCompile Include="UI\MeldSelection.cpp">
      <Filter>Source Files</Filter>
    </ClCompile>
    <ClCompile Include="UI\CallSelection.cpp">
      <Filter>Source Files</Filter>
    </ClCompile>
    <ClCompile Include="Debug\DebugMain.cpp">
      <Filter>Source Files</Filter>
    </ClCompile>
    <ClCompile Include="Core\Block.cpp">
      <Filter>Source Files</Filter>
    </ClCompile>
  </ItemGroup>
  <ItemGroup>
    <ClInclude Include="Debug\Debug.h">
      <Filter>Header Files</Filter>
    </ClInclude>
    <ClInclude Include="Core\Discards.h">
      <Filter>Header Files</Filter>
    </ClInclude>
    <ClInclude Include="Core\Game.h">
      <Filter>Header Files</Filter>
    </ClInclude>
    <ClInclude Include="Core\GameTypes.h">
      <Filter>Header Files</Filter>
    </ClInclude>
    <ClInclude Include="Core\Hand.h">
      <Filter>Header Files</Filter>
    </ClInclude>
    <ClInclude Include="Core\Kan.h">
      <Filter>Header Files</Filter>
    </ClInclude>
    <ClInclude Include="Core\Meld.h">
      <Filter>Header Files</Filter>
    </ClInclude>
    <ClInclude Include="Core\MoveOption.h">
      <Filter>Header Files</Filter>
    </ClInclude>
    <ClInclude Include="Core\Player.h">
      <Filter>Header Files</Filter>
    </ClInclude>
    <ClInclude Include="Core\Tile.h">
      <Filter>Header Files</Filter>
    </ClInclude>
    <ClInclude Include="Core\Triplet.h">
      <Filter>Header Files</Filter>
    </ClInclude>
    <ClInclude Include="Core\Wall.h">
      <Filter>Header Files</Filter>
    </ClInclude>
    <ClInclude Include="Graphics\Graphics.h">
      <Filter>Header Files</Filter>
    </ClInclude>
    <ClInclude Include="Graphics\Paths.h">
      <Filter>Header Files</Filter>
    </ClInclude>
    <ClInclude Include="Graphics\TileGraphics.h">
      <Filter>Header Files</Filter>
    </ClInclude>
    <ClInclude Include="Input\Controller.h">
      <Filter>Header Files</Filter>
    </ClInclude>
    <ClInclude Include="Input\InputManager.h">
      <Filter>Header Files</Filter>
    </ClInclude>
    <ClInclude Include="UI\Button.h">
      <Filter>Header Files</Filter>
    </ClInclude>
    <ClInclude Include="Layouts\TileLayouts.h">
      <Filter>Header Files</Filter>
    </ClInclude>
    <ClInclude Include="UI\MeldSelection.h">
      <Filter>Header Files</Filter>
    </ClInclude>
    <ClInclude Include="UI\CallSelection.h">
      <Filter>Header Files</Filter>
    </ClInclude>
    <ClInclude Include="Core\Block.h">
      <Filter>Header Files</Filter>
    </ClInclude>
  </ItemGroup>
  <ItemGroup>
    <Text Include="gamelog.txt" />
  </ItemGroup>
</Project>